
Microsoft Visual Studio Solution File, Format Version 12.00
# Visual Studio Version 17
VisualStudioVersion = 17.4.33110.190
MinimumVisualStudioVersion = 10.0.40219.1
Project("{9A19103F-16F7-4668-BE54-9A1E7A4F7556}") = "copie_differentielle_de_fichier", "copie_differentielle_de_fichier\copie_differentielle_de_fichier.csproj", "{AD9845AF-405C-4B6A-B4D8-C402DF065EC2}"
EndProject
Global
	GlobalSection(SolutionConfigurationPlatforms) = preSolution
		Debug|Any CPU = Debug|Any CPU
		Debug|x64 = Debug|x64
		Release|Any CPU = Release|Any CPU
		Release|x64 = Release|x64
		Test|Any CPU = Test|Any CPU
		Test|x64 = Test|x64
	EndGlobalSection
	GlobalSection(ProjectConfigurationPlatforms) = postSolution
		{AD9845AF-405C-4B6A-B4D8-C402DF065EC2}.Debug|Any CPU.ActiveCfg = Debug|Any CPU
		{AD9845AF-405C-4B6A-B4D8-C402DF065EC2}.Debug|Any CPU.Build.0 = Debug|Any CPU
		{AD9845AF-405C-4B6A-B4D8-C402DF065EC2}.Debug|x64.ActiveCfg = Debug|x64
		{AD9845AF-405C-4B6A-B4D8-C402DF065EC2}.Debug|x64.Build.0 = Debug|x64
		{AD9845AF-405C-4B6A-B4D8-C402DF065EC2}.Release|Any CPU.ActiveCfg = Release|Any CPU
		{AD9845AF-405C-4B6A-B4D8-C402DF065EC2}.Release|Any CPU.Build.0 = Release|Any CPU
		{AD9845AF-405C-4B6A-B4D8-C402DF065EC2}.Release|x64.ActiveCfg = Release|x64
		{AD9845AF-405C-4B6A-B4D8-C402DF065EC2}.Release|x64.Build.0 = Release|x64
		{AD9845AF-405C-4B6A-B4D8-C402DF065EC2}.Test|Any CPU.ActiveCfg = Test|Any CPU
		{AD9845AF-405C-4B6A-B4D8-C402DF065EC2}.Test|Any CPU.Build.0 = Test|Any CPU
		{AD9845AF-405C-4B6A-B4D8-C402DF065EC2}.Test|x64.ActiveCfg = Test|x64
		{AD9845AF-405C-4B6A-B4D8-C402DF065EC2}.Test|x64.Build.0 = Test|x64
	EndGlobalSection
	GlobalSection(SolutionProperties) = preSolution
		HideSolutionNode = FALSE
	EndGlobalSection
	GlobalSection(ExtensibilityGlobals) = postSolution
		SolutionGuid = {331AD6EA-45B0-49A3-AB0E-B60C32757FF7}
	EndGlobalSection
EndGlobal
